
Microsoft Visual Studio Solution File, Format Version 12.00
# Visual Studio 14
VisualStudioVersion = 14.0.25123.0
MinimumVisualStudioVersion = 10.0.40219.1
Project("{9B1F504C-4E01-4F0F-82BA-683E8957CB39}") = "Sitecore.Support.152186", "Sitecore.Support.152186\Sitecore.Support.152186.csproj", "{C5B912DB-B289-4CE1-A00E-6E772F9DF312}"
EndProject
Global
	GlobalSection(SolutionConfigurationPlatforms) = preSolution
		Debug|Any CPU = Debug|Any CPU
		Release|Any CPU = Release|Any CPU
	EndGlobalSection
	GlobalSection(ProjectConfigurationPlatforms) = postSolution
		{C5B912DB-B289-4CE1-A00E-6E772F9DF312}.Debug|Any CPU.ActiveCfg = Debug|Any CPU
		{C5B912DB-B289-4CE1-A00E-6E772F9DF312}.Debug|Any CPU.Build.0 = Debug|Any CPU
		{C5B912DB-B289-4CE1-A00E-6E772F9DF312}.Release|Any CPU.ActiveCfg = Release|Any CPU
		{C5B912DB-B289-4CE1-A00E-6E772F9DF312}.Release|Any CPU.Build.0 = Release|Any CPU
	EndGlobalSection
	GlobalSection(SolutionProperties) = preSolution
		HideSolutionNode = FALSE
	EndGlobalSection
EndGlobal
